# This file is automatically @generated by Cargo.
# It is not intended for manual editing.
version = 4

[[package]]
name = "rantlr-engine"
version = "0.0.1"
dependencies = [
 "rantlr-grammar",
 "rantlr-lex",
]

[[package]]
name = "rantlr-grammar"
version = "0.0.1"

[[package]]
name = "rantlr-lex"
version = "0.0.1"
